
Microsoft Visual Studio Solution File, Format Version 12.00
# Visual Studio Version 17
VisualStudioVersion = 17.9.34622.214
MinimumVisualStudioVersion = 10.0.40219.1
Project("{FAE04EC0-301F-11D3-BF4B-00C04F79EFBC}") = "Zajecia2_NarzedzieMonitorujace", "Zajecia2_NarzedzieMonitorujace\Zajecia2_NarzedzieMonitorujace.csproj", "{52438104-336A-42E3-BCA2-67D2729C993E}"
EndProject
Global
	GlobalSection(SolutionConfigurationPlatforms) = preSolution
		Debug|Any CPU = Debug|Any CPU
		Release|Any CPU = Release|Any CPU
	EndGlobalSection
	GlobalSection(ProjectConfigurationPlatforms) = postSolution
		{52438104-336A-42E3-BCA2-67D2729C993E}.Debug|Any CPU.ActiveCfg = Debug|Any CPU
		{52438104-336A-42E3-BCA2-67D2729C993E}.Debug|Any CPU.Build.0 = Debug|Any CPU
		{52438104-336A-42E3-BCA2-67D2729C993E}.Release|Any CPU.ActiveCfg = Release|Any CPU
		{52438104-336A-42E3-BCA2-67D2729C993E}.Release|Any CPU.Build.0 = Release|Any CPU
	EndGlobalSection
	GlobalSection(SolutionProperties) = preSolution
		HideSolutionNode = FALSE
	EndGlobalSection
	GlobalSection(ExtensibilityGlobals) = postSolution
		SolutionGuid = {F9233657-9211-428F-ADF3-C98D95471482}
	EndGlobalSection
EndGlobal
